
Microsoft Visual Studio Solution File, Format Version 12.00
# Visual Studio Version 16
VisualStudioVersion = 16.0.31729.503
MinimumVisualStudioVersion = 10.0.40219.1
Project("{FAE04EC0-301F-11D3-BF4B-00C04F79EFBC}") = "SalesWebMVC", "SalesWebMVC\SalesWebMVC.csproj", "{F81078C2-3A00-48C0-B419-3C887E45B5B9}"
EndProject
Global
	GlobalSection(SolutionConfigurationPlatforms) = preSolution
		Debug|Any CPU = Debug|Any CPU
		Release|Any CPU = Release|Any CPU
	EndGlobalSection
	GlobalSection(ProjectConfigurationPlatforms) = postSolution
		{F81078C2-3A00-48C0-B419-3C887E45B5B9}.Debug|Any CPU.ActiveCfg = Debug|Any CPU
		{F81078C2-3A00-48C0-B419-3C887E45B5B9}.Debug|Any CPU.Build.0 = Debug|Any CPU
		{F81078C2-3A00-48C0-B419-3C887E45B5B9}.Release|Any CPU.ActiveCfg = Release|Any CPU
		{F81078C2-3A00-48C0-B419-3C887E45B5B9}.Release|Any CPU.Build.0 = Release|Any CPU
	EndGlobalSection
	GlobalSection(SolutionProperties) = preSolution
		HideSolutionNode = FALSE
	EndGlobalSection
	GlobalSection(ExtensibilityGlobals) = postSolution
		SolutionGuid = {AB3B07C1-1725-418D-A15E-1D8E143F9882}
	EndGlobalSection
EndGlobal
